{
  "name": "best-practices-and-fp",
  "version": "1.0.0",
  "lockfileVersion": 3,
  "requires": true,
  "packages": {
    "": {
      "name": "best-practices-and-fp",
      "version": "1.0.0",
      "license": "ISC",
      "dependencies": {
        "@rescript/core": "^0.5.0",
        "rescript": "^11.0.0-rc.4"
      }
    },
    "node_modules/@rescript/core": {
      "version": "0.5.0",
      "resolved": "https://registry.npmjs.org/@rescript/core/-/core-0.5.0.tgz",
      "integrity": "sha512-Keqnpi+8VqyhCk/3aMwar8hJbNy2IsINAAfIFeQC65IIegCR0QXFDBpQxfVcmbbtoHq6HnW4B3RLm/9GCUJQhQ==",
      "peerDependencies": {
        "rescript": "^10.1.0 || ^11.0.0-alpha.0 || next"
      }
    },
    "node_modules/rescript": {
      "version": "11.0.0-rc.4",
      "resolved": "https://registry.npmjs.org/rescript/-/rescript-11.0.0-rc.4.tgz",
      "integrity": "sha512-yh82o30J2/B/IwyPZjM+mc82FdyPkXRjXxlsUVEoyc5Z/snlq3Za2PhJhlfacwk+ui5lcOZsH8SndWPiI21vXg==",
      "hasInstallScript": true,
      "bin": {
        "bsc": "bsc",
        "bstracing": "lib/bstracing",
        "rescript": "rescript"
      },
      "engines": {
        "node": ">=10"
      }
    }
  }
}
